{
  "requires": true,
  "lockfileVersion": 1,
  "dependencies": {
    "@uirouter/angularjs": {
      "version": "1.0.7",
      "resolved": "https://registry.npmjs.org/@uirouter/angularjs/-/angularjs-1.0.7.tgz",
      "integrity": "sha512-R3s+Dn3fO/v282CKUzRzpL7KUAR3AVpoL0hTCTugxOFDTvM6nOo6V2cBg5HWE3YnHKboSEGWhQYHv2/kNR67oA==",
      "requires": {
        "@uirouter/core": "5.0.8"
      }
    },
    "@uirouter/core": {
      "version": "5.0.8",
      "resolved": "https://registry.npmjs.org/@uirouter/core/-/core-5.0.8.tgz",
      "integrity": "sha512-5Xb+hIAH0rqlRjZU4o2IorMRheIZdxOFsflTzWMzsM+d3ri/ManPe84ACl0qEovfKqY4aXXy8Gz8m7D4D5S+rw=="
    },
    "angular": {
      "version": "1.6.10",
      "resolved": "https://registry.npmjs.org/angular/-/angular-1.6.10.tgz",
      "integrity": "sha512-PCZ5/hVdvPQiYyH0VwsPjrErPHRcITnaXxhksceOXgtJeesKHLA7KDu4X/yvcAi+1zdGgGF+9pDxkJvghXI9Wg=="
    },
    "angular-animate": {
      "version": "1.6.10",
      "resolved": "https://registry.npmjs.org/angular-animate/-/angular-animate-1.6.10.tgz",
      "integrity": "sha512-RU9ZJbTspq0W0x675H5k1DeSgKbAFfp2aiYoNGdlD+wQNKvwwMR5ho+EkDKkx9zE02a5goe8Z6EhhYPQSff9dA=="
    },
    "angular-ui-bootstrap": {
      "version": "1.3.3",
      "resolved": "https://registry.npmjs.org/angular-ui-bootstrap/-/angular-ui-bootstrap-1.3.3.tgz",
      "integrity": "sha1-SCD4ldQzwXq+tKxzh/LxIsv4wRw="
    },
    "bootstrap": {
      "version": "4.3.1",
      "resolved": "https://registry.npmjs.org/bootstrap/-/bootstrap-4.3.1.tgz",
      "integrity": "sha512-rXqOmH1VilAt2DyPzluTi2blhk17bO7ef+zLLPlWvG494pDxcM234pJ8wTc/6R40UWizAIIMgxjvxZg5kmsbag=="
    }
  }
}
